
Microsoft Visual Studio Solution File, Format Version 12.00
# Visual Studio Version 17
VisualStudioVersion = 17.10.34916.146
MinimumVisualStudioVersion = 10.0.40219.1
Project("{FAE04EC0-301F-11D3-BF4B-00C04F79EFBC}") = "PAMNotes", "PAMNotes\PAMNotes.csproj", "{D73845C5-DE0F-46E1-A948-88D9C49C65A9}"
EndProject
Global
	GlobalSection(SolutionConfigurationPlatforms) = preSolution
		Debug|Any CPU = Debug|Any CPU
		Release|Any CPU = Release|Any CPU
	EndGlobalSection
	GlobalSection(ProjectConfigurationPlatforms) = postSolution
		{D73845C5-DE0F-46E1-A948-88D9C49C65A9}.Debug|Any CPU.ActiveCfg = Debug|Any CPU
		{D73845C5-DE0F-46E1-A948-88D9C49C65A9}.Debug|Any CPU.Build.0 = Debug|Any CPU
		{D73845C5-DE0F-46E1-A948-88D9C49C65A9}.Debug|Any CPU.Deploy.0 = Debug|Any CPU
		{D73845C5-DE0F-46E1-A948-88D9C49C65A9}.Release|Any CPU.ActiveCfg = Release|Any CPU
		{D73845C5-DE0F-46E1-A948-88D9C49C65A9}.Release|Any CPU.Build.0 = Release|Any CPU
		{D73845C5-DE0F-46E1-A948-88D9C49C65A9}.Release|Any CPU.Deploy.0 = Release|Any CPU
	EndGlobalSection
	GlobalSection(SolutionProperties) = preSolution
		HideSolutionNode = FALSE
	EndGlobalSection
	GlobalSection(ExtensibilityGlobals) = postSolution
		SolutionGuid = {B641E0E5-CCF7-4F23-9F4D-4463D61A7091}
	EndGlobalSection
EndGlobal
